// !$*UTF8*$!
{
	archiveVersion = 1;
	classes = {
	};
	objectVersion = 50;
	objects = {

/* Begin PBXBuildFile section */
		04C36E15269DDC490056E915 /* CalendarSwiftUIApp.swift in Sources */ = {isa = PBXBuildFile; fileRef = 04C36E14269DDC490056E915 /* CalendarSwiftUIApp.swift */; };
		04C36E17269DDC490056E915 /* ContentView.swift in Sources */ = {isa = PBXBuildFile; fileRef = 04C36E16269DDC490056E915 /* ContentView.swift */; };
		04C36E19269DDC4C0056E915 /* Assets.xcassets in Resources */ = {isa = PBXBuildFile; fileRef = 04C36E18269DDC4C0056E915 /* Assets.xcassets */; };
		04C36E1C269DDC4C0056E915 /* Preview Assets.xcassets in Resources */ = {isa = PBXBuildFile; fileRef = 04C36E1B269DDC4C0056E915 /* Preview Assets.xcassets */; };
		04C36E1E269DDC4C0056E915 /* Persistence.swift in Sources */ = {isa = PBXBuildFile; fileRef = 04C36E1D269DDC4C0056E915 /* Persistence.swift */; };
		04C36E21269DDC4C0056E915 /* CalendarSwiftUI.xcdatamodeld in Sources */ = {isa = PBXBuildFile; fileRef = 04C36E1F269DDC4C0056E915 /* CalendarSwiftUI.xcdatamodeld */; };
		04C36E2C269DDC4C0056E915 /* CalendarSwiftUITests.swift in Sources */ = {isa = PBXBuildFile; fileRef = 04C36E2B269DDC4C0056E915 /* CalendarSwiftUITests.swift */; };
		04C36E37269DDC4C0056E915 /* CalendarSwiftUIUITests.swift in Sources */ = {isa = PBXBuildFile; fileRef = 04C36E36269DDC4C0056E915 /* CalendarSwiftUIUITests.swift */; };
/* End PBXBuildFile section */

/* Begin PBXContainerItemProxy section */
		04C36E28269DDC4C0056E915 /* PBXContainerItemProxy */ = {
			isa = PBXContainerItemProxy;
			containerPortal = 04C36E09269DDC490056E915 /* Project object */;
			proxyType = 1;
			remoteGlobalIDString = 04C36E10269DDC490056E915;
			remoteInfo = CalendarSwiftUI;
		};
		04C36E33269DDC4C0056E915 /* PBXContainerItemProxy */ = {
			isa = PBXContainerItemProxy;
			containerPortal = 04C36E09269DDC490056E915 /* Project object */;
			proxyType = 1;
			remoteGlobalIDString = 04C36E10269DDC490056E915;
			remoteInfo = CalendarSwiftUI;
		};
/* End PBXContainerItemProxy section */

/* Begin PBXFileReference section */
		04C36E11269DDC490056E915 /* CalendarSwiftUI.app */ = {isa = PBXFileReference; explicitFileType = wrapper.application; includeInIndex = 0; path = CalendarSwiftUI.app; sourceTree = BUILT_PRODUCTS_DIR; };
		04C36E14269DDC490056E915 /* CalendarSwiftUIApp.swift */ = {isa = PBXFileReference; lastKnownFileType = sourcecode.swift; path = CalendarSwiftUIApp.swift; sourceTree = "<group>"; };
		04C36E16269DDC490056E915 /* ContentView.swift */ = {isa = PBXFileReference; lastKnownFileType = sourcecode.swift; path = ContentView.swift; sourceTree = "<group>"; };
		04C36E18269DDC4C0056E915 /* Assets.xcassets */ = {isa = PBXFileReference; lastKnownFileType = folder.assetcatalog; path = Assets.xcassets; sourceTree = "<group>"; };
		04C36E1B269DDC4C0056E915 /* Preview Assets.xcassets */ = {isa = PBXFileReference; lastKnownFileType = folder.assetcatalog; path = "Preview Assets.xcassets"; sourceTree = "<group>"; };
		04C36E1D269DDC4C0056E915 /* Persistence.swift */ = {isa = PBXFileReference; lastKnownFileType = sourcecode.swift; path = Persistence.swift; sourceTree = "<group>"; };
		04C36E20269DDC4C0056E915 /* CalendarSwiftUI.xcdatamodel */ = {isa = PBXFileReference; lastKnownFileType = wrapper.xcdatamodel; path = CalendarSwiftUI.xcdatamodel; sourceTree = "<group>"; };
		04C36E22269DDC4C0056E915 /* Info.plist */ = {isa = PBXFileReference; lastKnownFileType = text.plist.xml; path = Info.plist; sourceTree = "<group>"; };
		04C36E27269DDC4C0056E915 /* CalendarSwiftUITests.xctest */ = {isa = PBXFileReference; explicitFileType = wrapper.cfbundle; includeInIndex = 0; path = CalendarSwiftUITests.xctest; sourceTree = BUILT_PRODUCTS_DIR; };
		04C36E2B269DDC4C0056E915 /* CalendarSwiftUITests.swift */ = {isa = PBXFileReference; lastKnownFileType = sourcecode.swift; path = CalendarSwiftUITests.swift; sourceTree = "<group>"; };
		04C36E2D269DDC4C0056E915 /* Info.plist */ = {isa = PBXFileReference; lastKnownFileType = text.plist.xml; path = Info.plist; sourceTree = "<group>"; };
		04C36E32269DDC4C0056E915 /* CalendarSwiftUIUITests.xctest */ = {isa = PBXFileReference; explicitFileType = wrapper.cfbundle; includeInIndex = 0; path = CalendarSwiftUIUITests.xctest; sourceTree = BUILT_PRODUCTS_DIR; };
		04C36E36269DDC4C0056E915 /* CalendarSwiftUIUITests.swift */ = {isa = PBXFileReference; lastKnownFileType = sourcecode.swift; path = CalendarSwiftUIUITests.swift; sourceTree = "<group>"; };
		04C36E38269DDC4C0056E915 /* Info.plist */ = {isa = PBXFileReference; lastKnownFileType = text.plist.xml; path = Info.plist; sourceTree = "<group>"; };
/* End PBXFileReference section */

/* Begin PBXFrameworksBuildPhase section */
		04C36E0E269DDC490056E915 /* Frameworks */ = {
			isa = PBXFrameworksBuildPhase;
			buildActionMask = 2147483647;
			files = (
			);
			runOnlyForDeploymentPostprocessing = 0;
		};
		04C36E24269DDC4C0056E915 /* Frameworks */ = {
			isa = PBXFrameworksBuildPhase;
			buildActionMask = 2147483647;
			files = (
			);
			runOnlyForDeploymentPostprocessing = 0;
		};
		04C36E2F269DDC4C0056E915 /* Frameworks */ = {
			isa = PBXFrameworksBuildPhase;
			buildActionMask = 2147483647;
			files = (
			);
			runOnlyForDeploymentPostprocessing = 0;
		};
/* End PBXFrameworksBuildPhase section */

/* Begin PBXGroup section */
		04C36E08269DDC490056E915 = {
			isa = PBXGroup;
			children = (
				04C36E13269DDC490056E915 /* CalendarSwiftUI */,
				04C36E2A269DDC4C0056E915 /* CalendarSwiftUITests */,
				04C36E35269DDC4C0056E915 /* CalendarSwiftUIUITests */,
				04C36E12269DDC490056E915 /* Products */,
			);
			sourceTree = "<group>";
		};
		04C36E12269DDC490056E915 /* Products */ = {
			isa = PBXGroup;
			children = (
				04C36E11269DDC490056E915 /* CalendarSwiftUI.app */,
				04C36E27269DDC4C0056E915 /* CalendarSwiftUITests.xctest */,
				04C36E32269DDC4C0056E915 /* CalendarSwiftUIUITests.xctest */,
			);
			name = Products;
			sourceTree = "<group>";
		};
		04C36E13269DDC490056E915 /* CalendarSwiftUI */ = {
			isa = PBXGroup;
			children = (
				04C36E14269DDC490056E915 /* CalendarSwiftUIApp.swift */,
				04C36E16269DDC490056E915 /* ContentView.swift */,
				04C36E18269DDC4C0056E915 /* Assets.xcassets */,
				04C36E1D269DDC4C0056E915 /* Persistence.swift */,
				04C36E22269DDC4C0056E915 /* Info.plist */,
				04C36E1F269DDC4C0056E915 /* CalendarSwiftUI.xcdatamodeld */,
				04C36E1A269DDC4C0056E915 /* Preview Content */,
			);
			path = CalendarSwiftUI;
			sourceTree = "<group>";
		};
		04C36E1A269DDC4C0056E915 /* Preview Content */ = {
			isa = PBXGroup;
			children = (
				04C36E1B269DDC4C0056E915 /* Preview Assets.xcassets */,
			);
			path = "Preview Content";
			sourceTree = "<group>";
		};
		04C36E2A269DDC4C0056E915 /* CalendarSwiftUITests */ = {
			isa = PBXGroup;
			children = (
				04C36E2B269DDC4C0056E915 /* CalendarSwiftUITests.swift */,
				04C36E2D269DDC4C0056E915 /* Info.plist */,
			);
			path = CalendarSwiftUITests;
			sourceTree = "<group>";
		};
		04C36E35269DDC4C0056E915 /* CalendarSwiftUIUITests */ = {
			isa = PBXGroup;
			children = (
				04C36E36269DDC4C0056E915 /* CalendarSwiftUIUITests.swift */,
				04C36E38269DDC4C0056E915 /* Info.plist */,
			);
			path = CalendarSwiftUIUITests;
			sourceTree = "<group>";
		};
/* End PBXGroup section */

/* Begin PBXNativeTarget section */
		04C36E10269DDC490056E915 /* CalendarSwiftUI */ = {
			isa = PBXNativeTarget;
			buildConfigurationList = 04C36E3B269DDC4C0056E915 /* Build configuration list for PBXNativeTarget "CalendarSwiftUI" */;
			buildPhases = (
				04C36E0D269DDC490056E915 /* Sources */,
				04C36E0E269DDC490056E915 /* Frameworks */,
				04C36E0F269DDC490056E915 /* Resources */,
			);
			buildRules = (
			);
			dependencies = (
			);
			name = CalendarSwiftUI;
			productName = CalendarSwiftUI;
			productReference = 04C36E11269DDC490056E915 /* CalendarSwiftUI.app */;
			productType = "com.apple.product-type.application";
		};
		04C36E26269DDC4C0056E915 /* CalendarSwiftUITests */ = {
			isa = PBXNativeTarget;
			buildConfigurationList = 04C36E3E269DDC4C0056E915 /* Build configuration list for PBXNativeTarget "CalendarSwiftUITests" */;
			buildPhases = (
				04C36E23269DDC4C0056E915 /* Sources */,
				04C36E24269DDC4C0056E915 /* Frameworks */,
				04C36E25269DDC4C0056E915 /* Resources */,
			);
			buildRules = (
			);
			dependencies = (
				04C36E29269DDC4C0056E915 /* PBXTargetDependency */,
			);
			name = CalendarSwiftUITests;
			productName = CalendarSwiftUITests;
			productReference = 04C36E27269DDC4C0056E915 /* CalendarSwiftUITests.xctest */;
			productType = "com.apple.product-type.bundle.unit-test";
		};
		04C36E31269DDC4C0056E915 /* CalendarSwiftUIUITests */ = {
			isa = PBXNativeTarget;
			buildConfigurationList = 04C36E41269DDC4C0056E915 /* Build configuration list for PBXNativeTarget "CalendarSwiftUIUITests" */;
			buildPhases = (
				04C36E2E269DDC4C0056E915 /* Sources */,
				04C36E2F269DDC4C0056E915 /* Frameworks */,
				04C36E30269DDC4C0056E915 /* Resources */,
			);
			buildRules = (
			);
			dependencies = (
				04C36E34269DDC4C0056E915 /* PBXTargetDependency */,
			);
			name = CalendarSwiftUIUITests;
			productName = CalendarSwiftUIUITests;
			productReference = 04C36E32269DDC4C0056E915 /* CalendarSwiftUIUITests.xctest */;
			productType = "com.apple.product-type.bundle.ui-testing";
		};
/* End PBXNativeTarget section */

/* Begin PBXProject section */
		04C36E09269DDC490056E915 /* Project object */ = {
			isa = PBXProject;
			attributes = {
				LastSwiftUpdateCheck = 1240;
				LastUpgradeCheck = 1240;
				TargetAttributes = {
					04C36E10269DDC490056E915 = {
						CreatedOnToolsVersion = 12.4;
					};
					04C36E26269DDC4C0056E915 = {
						CreatedOnToolsVersion = 12.4;
						TestTargetID = 04C36E10269DDC490056E915;
					};
					04C36E31269DDC4C0056E915 = {
						CreatedOnToolsVersion = 12.4;
						TestTargetID = 04C36E10269DDC490056E915;
					};
				};
			};
			buildConfigurationList = 04C36E0C269DDC490056E915 /* Build configuration list for PBXProject "CalendarSwiftUI" */;
			compatibilityVersion = "Xcode 9.3";
			developmentRegion = en;
			hasScannedForEncodings = 0;
			knownRegions = (
				en,
				Base,
			);
			mainGroup = 04C36E08269DDC490056E915;
			productRefGroup = 04C36E12269DDC490056E915 /* Products */;
			projectDirPath = "";
			projectRoot = "";
			targets = (
				04C36E10269DDC490056E915 /* CalendarSwiftUI */,
				04C36E26269DDC4C0056E915 /* CalendarSwiftUITests */,
				04C36E31269DDC4C0056E915 /* CalendarSwiftUIUITests */,
			);
		};
/* End PBXProject section */

/* Begin PBXResourcesBuildPhase section */
		04C36E0F269DDC490056E915 /* Resources */ = {
			isa = PBXResourcesBuildPhase;
			buildActionMask = 2147483647;
			files = (
				04C36E1C269DDC4C0056E915 /* Preview Assets.xcassets in Resources */,
				04C36E19269DDC4C0056E915 /* Assets.xcassets in Resources */,
			);
			runOnlyForDeploymentPostprocessing = 0;
		};
		04C36E25269DDC4C0056E915 /* Resources */ = {
			isa = PBXResourcesBuildPhase;
			buildActionMask = 2147483647;
			files = (
			);
			runOnlyForDeploymentPostprocessing = 0;
		};
		04C36E30269DDC4C0056E915 /* Resources */ = {
			isa = PBXResourcesBuildPhase;
			buildActionMask = 2147483647;
			files = (
			);
			runOnlyForDeploymentPostprocessing = 0;
		};
/* End PBXResourcesBuildPhase section */

/* Begin PBXSourcesBuildPhase section */
		04C36E0D269DDC490056E915 /* Sources */ = {
			isa = PBXSourcesBuildPhase;
			buildActionMask = 2147483647;
			files = (
				04C36E1E269DDC4C0056E915 /* Persistence.swift in Sources */,
				04C36E21269DDC4C0056E915 /* CalendarSwiftUI.xcdatamodeld in Sources */,
				04C36E17269DDC490056E915 /* ContentView.swift in Sources */,
				04C36E15269DDC490056E915 /* CalendarSwiftUIApp.swift in Sources */,
			);
			runOnlyForDeploymentPostprocessing = 0;
		};
		04C36E23269DDC4C0056E915 /* Sources */ = {
			isa = PBXSourcesBuildPhase;
			buildActionMask = 2147483647;
			files = (
				04C36E2C269DDC4C0056E915 /* CalendarSwiftUITests.swift in Sources */,
			);
			runOnlyForDeploymentPostprocessing = 0;
		};
		04C36E2E269DDC4C0056E915 /* Sources */ = {
			isa = PBXSourcesBuildPhase;
			buildActionMask = 2147483647;
			files = (
				04C36E37269DDC4C0056E915 /* CalendarSwiftUIUITests.swift in Sources */,
			);
			runOnlyForDeploymentPostprocessing = 0;
		};
/* End PBXSourcesBuildPhase section */

/* Begin PBXTargetDependency section */
		04C36E29269DDC4C0056E915 /* PBXTargetDependency */ = {
			isa = PBXTargetDependency;
			target = 04C36E10269DDC490056E915 /* CalendarSwiftUI */;
			targetProxy = 04C36E28269DDC4C0056E915 /* PBXContainerItemProxy */;
		};
		04C36E34269DDC4C0056E915 /* PBXTargetDependency */ = {
			isa = PBXTargetDependency;
			target = 04C36E10269DDC490056E915 /* CalendarSwiftUI */;
			targetProxy = 04C36E33269DDC4C0056E915 /* PBXContainerItemProxy */;
		};
/* End PBXTargetDependency section */

/* Begin XCBuildConfiguration section */
		04C36E39269DDC4C0056E915 /* Debug */ = {
			isa = XCBuildConfiguration;
			buildSettings = {
				ALWAYS_SEARCH_USER_PATHS = NO;
				CLANG_ANALYZER_NONNULL = YES;
				CLANG_ANALYZER_NUMBER_OBJECT_CONVERSION = YES_AGGRESSIVE;
				CLANG_CXX_LANGUAGE_STANDARD = "gnu++14";
				CLANG_CXX_LIBRARY = "libc++";
				CLANG_ENABLE_MODULES = YES;
				CLANG_ENABLE_OBJC_ARC = YES;
				CLANG_ENABLE_OBJC_WEAK = YES;
				CLANG_WARN_BLOCK_CAPTURE_AUTORELEASING = YES;
				CLANG_WARN_BOOL_CONVERSION = YES;
				CLANG_WARN_COMMA = YES;
				CLANG_WARN_CONSTANT_CONVERSION = YES;
				CLANG_WARN_DEPRECATED_OBJC_IMPLEMENTATIONS = YES;
				CLANG_WARN_DIRECT_OBJC_ISA_USAGE = YES_ERROR;
				CLANG_WARN_DOCUMENTATION_COMMENTS = YES;
				CLANG_WARN_EMPTY_BODY = YES;
				CLANG_WARN_ENUM_CONVERSION = YES;
				CLANG_WARN_INFINITE_RECURSION = YES;
				CLANG_WARN_INT_CONVERSION = YES;
				CLANG_WARN_NON_LITERAL_NULL_CONVERSION = YES;
				CLANG_WARN_OBJC_IMPLICIT_RETAIN_SELF = YES;
				CLANG_WARN_OBJC_LITERAL_CONVERSION = YES;
				CLANG_WARN_OBJC_ROOT_CLASS = YES_ERROR;
				CLANG_WARN_QUOTED_INCLUDE_IN_FRAMEWORK_HEADER = YES;
				CLANG_WARN_RANGE_LOOP_ANALYSIS = YES;
				CLANG_WARN_STRICT_PROTOTYPES = YES;
				CLANG_WARN_SUSPICIOUS_MOVE = YES;
				CLANG_WARN_UNGUARDED_AVAILABILITY = YES_AGGRESSIVE;
				CLANG_WARN_UNREACHABLE_CODE = YES;
				CLANG_WARN__DUPLICATE_METHOD_MATCH = YES;
				COPY_PHASE_STRIP = NO;
				DEBUG_INFORMATION_FORMAT = dwarf;
				ENABLE_STRICT_OBJC_MSGSEND = YES;
				ENABLE_TESTABILITY = YES;
				GCC_C_LANGUAGE_STANDARD = gnu11;
				GCC_DYNAMIC_NO_PIC = NO;
				GCC_NO_COMMON_BLOCKS = YES;
				GCC_OPTIMIZATION_LEVEL = 0;
				GCC_PREPROCESSOR_DEFINITIONS = (
					"DEBUG=1",
					"$(inherited)",
				);
				GCC_WARN_64_TO_32_BIT_CONVERSION = YES;
				GCC_WARN_ABOUT_RETURN_TYPE = YES_ERROR;
				GCC_WARN_UNDECLARED_SELECTOR = YES;
				GCC_WARN_UNINITIALIZED_AUTOS = YES_AGGRESSIVE;
				GCC_WARN_UNUSED_FUNCTION = YES;
				GCC_WARN_UNUSED_VARIABLE = YES;
				IPHONEOS_DEPLOYMENT_TARGET = 14.4;
				MTL_ENABLE_DEBUG_INFO = INCLUDE_SOURCE;
				MTL_FAST_MATH = YES;
				ONLY_ACTIVE_ARCH = YES;
				SDKROOT = iphoneos;
				SWIFT_ACTIVE_COMPILATION_CONDITIONS = DEBUG;
				SWIFT_OPTIMIZATION_LEVEL = "-Onone";
			};
			name = Debug;
		};
		04C36E3A269DDC4C0056E915 /* Release */ = {
			isa = XCBuildConfiguration;
			buildSettings = {
				ALWAYS_SEARCH_USER_PATHS = NO;
				CLANG_ANALYZER_NONNULL = YES;
				CLANG_ANALYZER_NUMBER_OBJECT_CONVERSION = YES_AGGRESSIVE;
				CLANG_CXX_LANGUAGE_STANDARD = "gnu++14";
				CLANG_CXX_LIBRARY = "libc++";
				CLANG_ENABLE_MODULES = YES;
				CLANG_ENABLE_OBJC_ARC = YES;
				CLANG_ENABLE_OBJC_WEAK = YES;
				CLANG_WARN_BLOCK_CAPTURE_AUTORELEASING = YES;
				CLANG_WARN_BOOL_CONVERSION = YES;
				CLANG_WARN_COMMA = YES;
				CLANG_WARN_CONSTANT_CONVERSION = YES;
				CLANG_WARN_DEPRECATED_OBJC_IMPLEMENTATIONS = YES;
				CLANG_WARN_DIRECT_OBJC_ISA_USAGE = YES_ERROR;
				CLANG_WARN_DOCUMENTATION_COMMENTS = YES;
				CLANG_WARN_EMPTY_BODY = YES;
				CLANG_WARN_ENUM_CONVERSION = YES;
				CLANG_WARN_INFINITE_RECURSION = YES;
				CLANG_WARN_INT_CONVERSION = YES;
				CLANG_WARN_NON_LITERAL_NULL_CONVERSION = YES;
				CLANG_WARN_OBJC_IMPLICIT_RETAIN_SELF = YES;
				CLANG_WARN_OBJC_LITERAL_CONVERSION = YES;
				CLANG_WARN_OBJC_ROOT_CLASS = YES_ERROR;
				CLANG_WARN_QUOTED_INCLUDE_IN_FRAMEWORK_HEADER = YES;
				CLANG_WARN_RANGE_LOOP_ANALYSIS = YES;
				CLANG_WARN_STRICT_PROTOTYPES = YES;
				CLANG_WARN_SUSPICIOUS_MOVE = YES;
				CLANG_WARN_UNGUARDED_AVAILABILITY = YES_AGGRESSIVE;
				CLANG_WARN_UNREACHABLE_CODE = YES;
				CLANG_WARN__DUPLICATE_METHOD_MATCH = YES;
				COPY_PHASE_STRIP = NO;
				DEBUG_INFORMATION_FORMAT = "dwarf-with-dsym";
				ENABLE_NS_ASSERTIONS = NO;
				ENABLE_STRICT_OBJC_MSGSEND = YES;
				GCC_C_LANGUAGE_STANDARD = gnu11;
				GCC_NO_COMMON_BLOCKS = YES;
				GCC_WARN_64_TO_32_BIT_CONVERSION = YES;
				GCC_WARN_ABOUT_RETURN_TYPE = YES_ERROR;
				GCC_WARN_UNDECLARED_SELECTOR = YES;
				GCC_WARN_UNINITIALIZED_AUTOS = YES_AGGRESSIVE;
				GCC_WARN_UNUSED_FUNCTION = YES;
				GCC_WARN_UNUSED_VARIABLE = YES;
				IPHONEOS_DEPLOYMENT_TARGET = 14.4;
				MTL_ENABLE_DEBUG_INFO = NO;
				MTL_FAST_MATH = YES;
				SDKROOT = iphoneos;
				SWIFT_COMPILATION_MODE = wholemodule;
				SWIFT_OPTIMIZATION_LEVEL = "-O";
				VALIDATE_PRODUCT = YES;
			};
			name = Release;
		};
		04C36E3C269DDC4C0056E915 /* Debug */ = {
			isa = XCBuildConfiguration;
			buildSettings = {
				ASSETCATALOG_COMPILER_APPICON_NAME = AppIcon;
				ASSETCATALOG_COMPILER_GLOBAL_ACCENT_COLOR_NAME = AccentColor;
				CODE_SIGN_STYLE = Automatic;
				DEVELOPMENT_ASSET_PATHS = "\"CalendarSwiftUI/Preview Content\"";
				DEVELOPMENT_TEAM = G32U4R37V2;
				ENABLE_PREVIEWS = YES;
				INFOPLIST_FILE = CalendarSwiftUI/Info.plist;
				IPHONEOS_DEPLOYMENT_TARGET = 14.0;
				LD_RUNPATH_SEARCH_PATHS = (
					"$(inherited)",
					"@executable_path/Frameworks",
				);
				PRODUCT_BUNDLE_IDENTIFIER = MikhailPushkarev.CalendarSwiftUI;
				PRODUCT_NAME = "$(TARGET_NAME)";
				SWIFT_VERSION = 5.0;
				TARGETED_DEVICE_FAMILY = "1,2";
			};
			name = Debug;
		};
		04C36E3D269DDC4C0056E915 /* Release */ = {
			isa = XCBuildConfiguration;
			buildSettings = {
				ASSETCATALOG_COMPILER_APPICON_NAME = AppIcon;
				ASSETCATALOG_COMPILER_GLOBAL_ACCENT_COLOR_NAME = AccentColor;
				CODE_SIGN_STYLE = Automatic;
				DEVELOPMENT_ASSET_PATHS = "\"CalendarSwiftUI/Preview Content\"";
				DEVELOPMENT_TEAM = G32U4R37V2;
				ENABLE_PREVIEWS = YES;
				INFOPLIST_FILE = CalendarSwiftUI/Info.plist;
				IPHONEOS_DEPLOYMENT_TARGET = 14.0;
				LD_RUNPATH_SEARCH_PATHS = (
					"$(inherited)",
					"@executable_path/Frameworks",
				);
				PRODUCT_BUNDLE_IDENTIFIER = MikhailPushkarev.CalendarSwiftUI;
				PRODUCT_NAME = "$(TARGET_NAME)";
				SWIFT_VERSION = 5.0;
				TARGETED_DEVICE_FAMILY = "1,2";
			};
			name = Release;
		};
		04C36E3F269DDC4C0056E915 /* Debug */ = {
			isa = XCBuildConfiguration;
			buildSettings = {
				ALWAYS_EMBED_SWIFT_STANDARD_LIBRARIES = YES;
				BUNDLE_LOADER = "$(TEST_HOST)";
				CODE_SIGN_STYLE = Automatic;
				DEVELOPMENT_TEAM = G32U4R37V2;
				INFOPLIST_FILE = CalendarSwiftUITests/Info.plist;
				IPHONEOS_DEPLOYMENT_TARGET = 14.0;
				LD_RUNPATH_SEARCH_PATHS = (
					"$(inherited)",
					"@executable_path/Frameworks",
					"@loader_path/Frameworks",
				);
				PRODUCT_BUNDLE_IDENTIFIER = MikhailPushkarev.CalendarSwiftUITests;
				PRODUCT_NAME = "$(TARGET_NAME)";
				SWIFT_VERSION = 5.0;
				TARGETED_DEVICE_FAMILY = "1,2";
				TEST_HOST = "$(BUILT_PRODUCTS_DIR)/CalendarSwiftUI.app/CalendarSwiftUI";
			};
			name = Debug;
		};
		04C36E40269DDC4C0056E915 /* Release */ = {
			isa = XCBuildConfiguration;
			buildSettings = {
				ALWAYS_EMBED_SWIFT_STANDARD_LIBRARIES = YES;
				BUNDLE_LOADER = "$(TEST_HOST)";
				CODE_SIGN_STYLE = Automatic;
				DEVELOPMENT_TEAM = G32U4R37V2;
				INFOPLIST_FILE = CalendarSwiftUITests/Info.plist;
				IPHONEOS_DEPLOYMENT_TARGET = 14.0;
				LD_RUNPATH_SEARCH_PATHS = (
					"$(inherited)",
					"@executable_path/Frameworks",
					"@loader_path/Frameworks",
				);
				PRODUCT_BUNDLE_IDENTIFIER = MikhailPushkarev.CalendarSwiftUITests;
				PRODUCT_NAME = "$(TARGET_NAME)";
				SWIFT_VERSION = 5.0;
				TARGETED_DEVICE_FAMILY = "1,2";
				TEST_HOST = "$(BUILT_PRODUCTS_DIR)/CalendarSwiftUI.app/CalendarSwiftUI";
			};
			name = Release;
		};
		04C36E42269DDC4C0056E915 /* Debug */ = {
			isa = XCBuildConfiguration;
			buildSettings = {
				ALWAYS_EMBED_SWIFT_STANDARD_LIBRARIES = YES;
				CODE_SIGN_STYLE = Automatic;
				DEVELOPMENT_TEAM = G32U4R37V2;
				INFOPLIST_FILE = CalendarSwiftUIUITests/Info.plist;
				LD_RUNPATH_SEARCH_PATHS = (
					"$(inherited)",
					"@executable_path/Frameworks",
					"@loader_path/Frameworks",
				);
				PRODUCT_BUNDLE_IDENTIFIER = MikhailPushkarev.CalendarSwiftUIUITests;
				PRODUCT_NAME = "$(TARGET_NAME)";
				SWIFT_VERSION = 5.0;
				TARGETED_DEVICE_FAMILY = "1,2";
				TEST_TARGET_NAME = CalendarSwiftUI;
			};
			name = Debug;
		};
		04C36E43269DDC4C0056E915 /* Release */ = {
			isa = XCBuildConfiguration;
			buildSettings = {
				ALWAYS_EMBED_SWIFT_STANDARD_LIBRARIES = YES;
				CODE_SIGN_STYLE = Automatic;
				DEVELOPMENT_TEAM = G32U4R37V2;
				INFOPLIST_FILE = CalendarSwiftUIUITests/Info.plist;
				LD_RUNPATH_SEARCH_PATHS = (
					"$(inherited)",
					"@executable_path/Frameworks",
					"@loader_path/Frameworks",
				);
				PRODUCT_BUNDLE_IDENTIFIER = MikhailPushkarev.CalendarSwiftUIUITests;
				PRODUCT_NAME = "$(TARGET_NAME)";
				SWIFT_VERSION = 5.0;
				TARGETED_DEVICE_FAMILY = "1,2";
				TEST_TARGET_NAME = CalendarSwiftUI;
			};
			name = Release;
		};
/* End XCBuildConfiguration section */

/* Begin XCConfigurationList section */
		04C36E0C269DDC490056E915 /* Build configuration list for PBXProject "CalendarSwiftUI" */ = {
			isa = XCConfigurationList;
			buildConfigurations = (
				04C36E39269DDC4C0056E915 /* Debug */,
				04C36E3A269DDC4C0056E915 /* Release */,
			);
			defaultConfigurationIsVisible = 0;
			defaultConfigurationName = Release;
		};
		04C36E3B269DDC4C0056E915 /* Build configuration list for PBXNativeTarget "CalendarSwiftUI" */ = {
			isa = XCConfigurationList;
			buildConfigurations = (
				04C36E3C269DDC4C0056E915 /* Debug */,
				04C36E3D269DDC4C0056E915 /* Release */,
			);
			defaultConfigurationIsVisible = 0;
			defaultConfigurationName = Release;
		};
		04C36E3E269DDC4C0056E915 /* Build configuration list for PBXNativeTarget "CalendarSwiftUITests" */ = {
			isa = XCConfigurationList;
			buildConfigurations = (
				04C36E3F269DDC4C0056E915 /* Debug */,
				04C36E40269DDC4C0056E915 /* Release */,
			);
			defaultConfigurationIsVisible = 0;
			defaultConfigurationName = Release;
		};
		04C36E41269DDC4C0056E915 /* Build configuration list for PBXNativeTarget "CalendarSwiftUIUITests" */ = {
			isa = XCConfigurationList;
			buildConfigurations = (
				04C36E42269DDC4C0056E915 /* Debug */,
				04C36E43269DDC4C0056E915 /* Release */,
			);
			defaultConfigurationIsVisible = 0;
			defaultConfigurationName = Release;
		};
/* End XCConfigurationList section */

/* Begin XCVersionGroup section */
		04C36E1F269DDC4C0056E915 /* CalendarSwiftUI.xcdatamodeld */ = {
			isa = XCVersionGroup;
			children = (
				04C36E20269DDC4C0056E915 /* CalendarSwiftUI.xcdatamodel */,
			);
			currentVersion = 04C36E20269DDC4C0056E915 /* CalendarSwiftUI.xcdatamodel */;
			path = CalendarSwiftUI.xcdatamodeld;
			sourceTree = "<group>";
			versionGroupType = wrapper.xcdatamodel;
		};
/* End XCVersionGroup section */
	};
	rootObject = 04C36E09269DDC490056E915 /* Project object */;
}
